PODS:
  - CCBaseWidegits (0.1.8):
    - CCBaseWidegits/Category (= 0.1.8)
  - CCBaseWidegits/Category (0.1.8)

DEPENDENCIES:
  - CCBaseWidegits (from `../`)

EXTERNAL SOURCES:
  CCBaseWidegits:
    :path: "../"

SPEC CHECKSUMS:
  CCBaseWidegits: f737bd24cb5156a36ce7d182f495a21a204a6728

PODFILE CHECKSUM: ca5b0fa5c24c804c0aaaccab72a7caee868ae2c9

COCOAPODS: 1.10.1
